
Microsoft Visual Studio Solution File, Format Version 12.00
# Visual Studio Version 17
VisualStudioVersion = 17.10.35013.160
MinimumVisualStudioVersion = 10.0.40219.1
Project("{FAE04EC0-301F-11D3-BF4B-00C04F79EFBC}") = "Gerencia-Reportes", "Gerencia-Reportes\Gerencia-Reportes.csproj", "{03C5570C-A0BB-4BED-A721-741725C6E443}"
EndProject
Global
	GlobalSection(SolutionConfigurationPlatforms) = preSolution
		Debug|Any CPU = Debug|Any CPU
		Release|Any CPU = Release|Any CPU
	EndGlobalSection
	GlobalSection(ProjectConfigurationPlatforms) = postSolution
		{03C5570C-A0BB-4BED-A721-741725C6E443}.Debug|Any CPU.ActiveCfg = Debug|Any CPU
		{03C5570C-A0BB-4BED-A721-741725C6E443}.Debug|Any CPU.Build.0 = Debug|Any CPU
		{03C5570C-A0BB-4BED-A721-741725C6E443}.Release|Any CPU.ActiveCfg = Release|Any CPU
		{03C5570C-A0BB-4BED-A721-741725C6E443}.Release|Any CPU.Build.0 = Release|Any CPU
	EndGlobalSection
	GlobalSection(SolutionProperties) = preSolution
		HideSolutionNode = FALSE
	EndGlobalSection
	GlobalSection(ExtensibilityGlobals) = postSolution
		SolutionGuid = {0FA7E423-D7CD-40A4-AC51-040CB8CB71E4}
	EndGlobalSection
EndGlobal
